// !$*UTF8*$!
{
	archiveVersion = 1;
	classes = {
	};
	objectVersion = 46;
	objects = {

/* Begin PBXBuildFile section */
		2AB6436587BD65E54FD86226 /* libPods.a in Frameworks */ = {isa = PBXBuildFile; fileRef = BCD646394784E0E3158F8BFF /* libPods.a */; };
		BE01BFE31A80A48D00510906 /* main.m in Sources */ = {isa = PBXBuildFile; fileRef = BE01BFE21A80A48D00510906 /* main.m */; };
		BE01BFE61A80A48D00510906 /* AppDelegate.m in Sources */ = {isa = PBXBuildFile; fileRef = BE01BFE51A80A48D00510906 /* AppDelegate.m */; };
		BE01BFE91A80A48D00510906 /* wham_Run.xcdatamodeld in Sources */ = {isa = PBXBuildFile; fileRef = BE01BFE71A80A48D00510906 /* wham_Run.xcdatamodeld */; };
		BE01BFEC1A80A48D00510906 /* HomeViewController.m in Sources */ = {isa = PBXBuildFile; fileRef = BE01BFEB1A80A48D00510906 /* HomeViewController.m */; };
		BE01BFEF1A80A48D00510906 /* Main.storyboard in Resources */ = {isa = PBXBuildFile; fileRef = BE01BFED1A80A48D00510906 /* Main.storyboard */; };
		BE01BFF11A80A48D00510906 /* Images.xcassets in Resources */ = {isa = PBXBuildFile; fileRef = BE01BFF01A80A48D00510906 /* Images.xcassets */; };
		BE01BFF41A80A48D00510906 /* LaunchScreen.xib in Resources */ = {isa = PBXBuildFile; fileRef = BE01BFF21A80A48D00510906 /* LaunchScreen.xib */; };
		BE01C0001A80A48D00510906 /* wham_RunTests.m in Sources */ = {isa = PBXBuildFile; fileRef = BE01BFFF1A80A48D00510906 /* wham_RunTests.m */; };
		BE01C00C1A818AED00510906 /* ActivityViewController.m in Sources */ = {isa = PBXBuildFile; fileRef = BE01C00B1A818AED00510906 /* ActivityViewController.m */; };
		BE0AA7C91A85662900BFEE2D /* Lato-Black.ttf in Resources */ = {isa = PBXBuildFile; fileRef = BE0AA7BF1A85662900BFEE2D /* Lato-Black.ttf */; };
		BE0AA7CA1A85662900BFEE2D /* Lato-BlackItalic.ttf in Resources */ = {isa = PBXBuildFile; fileRef = BE0AA7C01A85662900BFEE2D /* Lato-BlackItalic.ttf */; };
		BE0AA7CB1A85662900BFEE2D /* Lato-Bold.ttf in Resources */ = {isa = PBXBuildFile; fileRef = BE0AA7C11A85662900BFEE2D /* Lato-Bold.ttf */; };
		BE0AA7CC1A85662900BFEE2D /* Lato-BoldItalic.ttf in Resources */ = {isa = PBXBuildFile; fileRef = BE0AA7C21A85662900BFEE2D /* Lato-BoldItalic.ttf */; };
		BE0AA7CD1A85662900BFEE2D /* Lato-Hairline.ttf in Resources */ = {isa = PBXBuildFile; fileRef = BE0AA7C31A85662900BFEE2D /* Lato-Hairline.ttf */; };
		BE0AA7CE1A85662900BFEE2D /* Lato-HairlineItalic.ttf in Resources */ = {isa = PBXBuildFile; fileRef = BE0AA7C41A85662900BFEE2D /* Lato-HairlineItalic.ttf */; };
		BE0AA7CF1A85662900BFEE2D /* Lato-Italic.ttf in Resources */ = {isa = PBXBuildFile; fileRef = BE0AA7C51A85662900BFEE2D /* Lato-Italic.ttf */; };
		BE0AA7D01A85662900BFEE2D /* Lato-Light.ttf in Resources */ = {isa = PBXBuildFile; fileRef = BE0AA7C61A85662900BFEE2D /* Lato-Light.ttf */; };
		BE0AA7D11A85662900BFEE2D /* Lato-LightItalic.ttf in Resources */ = {isa = PBXBuildFile; fileRef = BE0AA7C71A85662900BFEE2D /* Lato-LightItalic.ttf */; };
		BE0AA7D21A85662900BFEE2D /* Lato-Regular.ttf in Resources */ = {isa = PBXBuildFile; fileRef = BE0AA7C81A85662900BFEE2D /* Lato-Regular.ttf */; };
		BEDBC11B1A81C735004E2A37 /* CoreLocation.framework in Frameworks */ = {isa = PBXBuildFile; fileRef = BEDBC11A1A81C735004E2A37 /* CoreLocation.framework */; };
/* End PBXBuildFile section */

/* Begin PBXContainerItemProxy section */
		BE01BFFA1A80A48D00510906 /* PBXContainerItemProxy */ = {
			isa = PBXContainerItemProxy;
			containerPortal = BE01BFD51A80A48D00510906 /* Project object */;
			proxyType = 1;
			remoteGlobalIDString = BE01BFDC1A80A48D00510906;
			remoteInfo = wham.Run;
		};
/* End PBXContainerItemProxy section */

/* Begin PBXFileReference section */
		A757BB8668B364832A9C44B2 /* Pods.debug.xcconfig */ = {isa = PBXFileReference; includeInIndex = 1; lastKnownFileType = text.xcconfig; name = Pods.debug.xcconfig; path = "../Pods/Target Support Files/Pods/Pods.debug.xcconfig"; sourceTree = "<group>"; };
		BCD646394784E0E3158F8BFF /* libPods.a */ = {isa = PBXFileReference; explicitFileType = archive.ar; includeInIndex = 0; path = libPods.a; sourceTree = BUILT_PRODUCTS_DIR; };
		BE01BFDD1A80A48D00510906 /* wham.Run.app */ = {isa = PBXFileReference; explicitFileType = wrapper.application; includeInIndex = 0; path = wham.Run.app; sourceTree = BUILT_PRODUCTS_DIR; };
		BE01BFE11A80A48D00510906 /* Info.plist */ = {isa = PBXFileReference; lastKnownFileType = text.plist.xml; path = Info.plist; sourceTree = "<group>"; };
		BE01BFE21A80A48D00510906 /* main.m */ = {isa = PBXFileReference; lastKnownFileType = sourcecode.c.objc; path = main.m; sourceTree = "<group>"; };
		BE01BFE41A80A48D00510906 /* AppDelegate.h */ = {isa = PBXFileReference; lastKnownFileType = sourcecode.c.h; path = AppDelegate.h; sourceTree = "<group>"; };
		BE01BFE51A80A48D00510906 /* AppDelegate.m */ = {isa = PBXFileReference; lastKnownFileType = sourcecode.c.objc; path = AppDelegate.m; sourceTree = "<group>"; };
		BE01BFE81A80A48D00510906 /* wham_Run.xcdatamodel */ = {isa = PBXFileReference; lastKnownFileType = wrapper.xcdatamodel; path = wham_Run.xcdatamodel; sourceTree = "<group>"; };
		BE01BFEA1A80A48D00510906 /* HomeViewController.h */ = {isa = PBXFileReference; lastKnownFileType = sourcecode.c.h; path = HomeViewController.h; sourceTree = "<group>"; };
		BE01BFEB1A80A48D00510906 /* HomeViewController.m */ = {isa = PBXFileReference; lastKnownFileType = sourcecode.c.objc; path = HomeViewController.m; sourceTree = "<group>"; };
		BE01BFEE1A80A48D00510906 /* Base */ = {isa = PBXFileReference; lastKnownFileType = file.storyboard; name = Base; path = Base.lproj/Main.storyboard; sourceTree = "<group>"; };
		BE01BFF01A80A48D00510906 /* Images.xcassets */ = {isa = PBXFileReference; lastKnownFileType = folder.assetcatalog; path = Images.xcassets; sourceTree = "<group>"; };
		BE01BFF31A80A48D00510906 /* Base */ = {isa = PBXFileReference; lastKnownFileType = file.xib; name = Base; path = Base.lproj/LaunchScreen.xib; sourceTree = "<group>"; };
		BE01BFF91A80A48D00510906 /* wham.RunTests.xctest */ = {isa = PBXFileReference; explicitFileType = wrapper.cfbundle; includeInIndex = 0; path = wham.RunTests.xctest; sourceTree = BUILT_PRODUCTS_DIR; };
		BE01BFFE1A80A48D00510906 /* Info.plist */ = {isa = PBXFileReference; lastKnownFileType = text.plist.xml; path = Info.plist; sourceTree = "<group>"; };
		BE01BFFF1A80A48D00510906 /* wham_RunTests.m */ = {isa = PBXFileReference; lastKnownFileType = sourcecode.c.objc; path = wham_RunTests.m; sourceTree = "<group>"; };
		BE01C00A1A818AED00510906 /* ActivityViewController.h */ = {isa = PBXFileReference; fileEncoding = 4; lastKnownFileType = sourcecode.c.h; path = ActivityViewController.h; sourceTree = "<group>"; };
		BE01C00B1A818AED00510906 /* ActivityViewController.m */ = {isa = PBXFileReference; fileEncoding = 4; lastKnownFileType = sourcecode.c.objc; path = ActivityViewController.m; sourceTree = "<group>"; };
		BE0AA7BF1A85662900BFEE2D /* Lato-Black.ttf */ = {isa = PBXFileReference; lastKnownFileType = file; path = "Lato-Black.ttf"; sourceTree = "<group>"; };
		BE0AA7C01A85662900BFEE2D /* Lato-BlackItalic.ttf */ = {isa = PBXFileReference; lastKnownFileType = file; path = "Lato-BlackItalic.ttf"; sourceTree = "<group>"; };
		BE0AA7C11A85662900BFEE2D /* Lato-Bold.ttf */ = {isa = PBXFileReference; lastKnownFileType = file; path = "Lato-Bold.ttf"; sourceTree = "<group>"; };
		BE0AA7C21A85662900BFEE2D /* Lato-BoldItalic.ttf */ = {isa = PBXFileReference; lastKnownFileType = file; path = "Lato-BoldItalic.ttf"; sourceTree = "<group>"; };
		BE0AA7C31A85662900BFEE2D /* Lato-Hairline.ttf */ = {isa = PBXFileReference; lastKnownFileType = file; path = "Lato-Hairline.ttf"; sourceTree = "<group>"; };
		BE0AA7C41A85662900BFEE2D /* Lato-HairlineItalic.ttf */ = {isa = PBXFileReference; lastKnownFileType = file; path = "Lato-HairlineItalic.ttf"; sourceTree = "<group>"; };
		BE0AA7C51A85662900BFEE2D /* Lato-Italic.ttf */ = {isa = PBXFileReference; lastKnownFileType = file; path = "Lato-Italic.ttf"; sourceTree = "<group>"; };
		BE0AA7C61A85662900BFEE2D /* Lato-Light.ttf */ = {isa = PBXFileReference; lastKnownFileType = file; path = "Lato-Light.ttf"; sourceTree = "<group>"; };
		BE0AA7C71A85662900BFEE2D /* Lato-LightItalic.ttf */ = {isa = PBXFileReference; lastKnownFileType = file; path = "Lato-LightItalic.ttf"; sourceTree = "<group>"; };
		BE0AA7C81A85662900BFEE2D /* Lato-Regular.ttf */ = {isa = PBXFileReference; lastKnownFileType = file; path = "Lato-Regular.ttf"; sourceTree = "<group>"; };
		BEDBC11A1A81C735004E2A37 /* CoreLocation.framework */ = {isa = PBXFileReference; lastKnownFileType = wrapper.framework; name = CoreLocation.framework; path = System/Library/Frameworks/CoreLocation.framework; sourceTree = SDKROOT; };
		D433749D3B6BC0A7E14F5747 /* Pods.release.xcconfig */ = {isa = PBXFileReference; includeInIndex = 1; lastKnownFileType = text.xcconfig; name = Pods.release.xcconfig; path = "../Pods/Target Support Files/Pods/Pods.release.xcconfig"; sourceTree = "<group>"; };
/* End PBXFileReference section */

/* Begin PBXFrameworksBuildPhase section */
		BE01BFDA1A80A48D00510906 /* Frameworks */ = {
			isa = PBXFrameworksBuildPhase;
			buildActionMask = 2147483647;
			files = (
				BEDBC11B1A81C735004E2A37 /* CoreLocation.framework in Frameworks */,
				2AB6436587BD65E54FD86226 /* libPods.a in Frameworks */,
			);
			runOnlyForDeploymentPostprocessing = 0;
		};
		BE01BFF61A80A48D00510906 /* Frameworks */ = {
			isa = PBXFrameworksBuildPhase;
			buildActionMask = 2147483647;
			files = (
			);
			runOnlyForDeploymentPostprocessing = 0;
		};
/* End PBXFrameworksBuildPhase section */

/* Begin PBXGroup section */
		07610DFDDF24D31B439AF4B8 /* Pods */ = {
			isa = PBXGroup;
			children = (
				A757BB8668B364832A9C44B2 /* Pods.debug.xcconfig */,
				D433749D3B6BC0A7E14F5747 /* Pods.release.xcconfig */,
			);
			name = Pods;
			sourceTree = "<group>";
		};
		BE01BFD41A80A48D00510906 = {
			isa = PBXGroup;
			children = (
				BE01BFDF1A80A48D00510906 /* wham.Run */,
				BE01BFFC1A80A48D00510906 /* wham.RunTests */,
				BE01BFDE1A80A48D00510906 /* Products */,
				07610DFDDF24D31B439AF4B8 /* Pods */,
				F9DBB5EA1593929D9DABC008 /* Frameworks */,
			);
			sourceTree = "<group>";
		};
		BE01BFDE1A80A48D00510906 /* Products */ = {
			isa = PBXGroup;
			children = (
				BE01BFDD1A80A48D00510906 /* wham.Run.app */,
				BE01BFF91A80A48D00510906 /* wham.RunTests.xctest */,
			);
			name = Products;
			sourceTree = "<group>";
		};
		BE01BFDF1A80A48D00510906 /* wham.Run */ = {
			isa = PBXGroup;
			children = (
				BE0AA7BD1A8565F700BFEE2D /* Resources */,
				BE01BFE41A80A48D00510906 /* AppDelegate.h */,
				BE01BFE51A80A48D00510906 /* AppDelegate.m */,
				BE01BFEA1A80A48D00510906 /* HomeViewController.h */,
				BE01BFEB1A80A48D00510906 /* HomeViewController.m */,
				BE01BFED1A80A48D00510906 /* Main.storyboard */,
				BE01C00A1A818AED00510906 /* ActivityViewController.h */,
				BE01C00B1A818AED00510906 /* ActivityViewController.m */,
				BE01BFF01A80A48D00510906 /* Images.xcassets */,
				BE01BFF21A80A48D00510906 /* LaunchScreen.xib */,
				BE01BFE71A80A48D00510906 /* wham_Run.xcdatamodeld */,
				BE01BFE01A80A48D00510906 /* Supporting Files */,
			);
			path = wham.Run;
			sourceTree = "<group>";
		};
		BE01BFE01A80A48D00510906 /* Supporting Files */ = {
			isa = PBXGroup;
			children = (
				BE01BFE11A80A48D00510906 /* Info.plist */,
				BE01BFE21A80A48D00510906 /* main.m */,
			);
			name = "Supporting Files";
			sourceTree = "<group>";
		};
		BE01BFFC1A80A48D00510906 /* wham.RunTests */ = {
			isa = PBXGroup;
			children = (
				BE01BFFF1A80A48D00510906 /* wham_RunTests.m */,
				BE01BFFD1A80A48D00510906 /* Supporting Files */,
			);
			path = wham.RunTests;
			sourceTree = "<group>";
		};
		BE01BFFD1A80A48D00510906 /* Supporting Files */ = {
			isa = PBXGroup;
			children = (
				BE01BFFE1A80A48D00510906 /* Info.plist */,
			);
			name = "Supporting Files";
			sourceTree = "<group>";
		};
		BE0AA7BD1A8565F700BFEE2D /* Resources */ = {
			isa = PBXGroup;
			children = (
				BE0AA7BE1A85661000BFEE2D /* Fonts */,
			);
			name = Resources;
			sourceTree = "<group>";
		};
		BE0AA7BE1A85661000BFEE2D /* Fonts */ = {
			isa = PBXGroup;
			children = (
				BE0AA7BF1A85662900BFEE2D /* Lato-Black.ttf */,
				BE0AA7C01A85662900BFEE2D /* Lato-BlackItalic.ttf */,
				BE0AA7C11A85662900BFEE2D /* Lato-Bold.ttf */,
				BE0AA7C21A85662900BFEE2D /* Lato-BoldItalic.ttf */,
				BE0AA7C31A85662900BFEE2D /* Lato-Hairline.ttf */,
				BE0AA7C41A85662900BFEE2D /* Lato-HairlineItalic.ttf */,
				BE0AA7C51A85662900BFEE2D /* Lato-Italic.ttf */,
				BE0AA7C61A85662900BFEE2D /* Lato-Light.ttf */,
				BE0AA7C71A85662900BFEE2D /* Lato-LightItalic.ttf */,
				BE0AA7C81A85662900BFEE2D /* Lato-Regular.ttf */,
			);
			name = Fonts;
			sourceTree = "<group>";
		};
		F9DBB5EA1593929D9DABC008 /* Frameworks */ = {
			isa = PBXGroup;
			children = (
				BEDBC11A1A81C735004E2A37 /* CoreLocation.framework */,
				BCD646394784E0E3158F8BFF /* libPods.a */,
			);
			name = Frameworks;
			sourceTree = "<group>";
		};
/* End PBXGroup section */

/* Begin PBXNativeTarget section */
		BE01BFDC1A80A48D00510906 /* wham.Run */ = {
			isa = PBXNativeTarget;
			buildConfigurationList = BE01C0031A80A48D00510906 /* Build configuration list for PBXNativeTarget "wham.Run" */;
			buildPhases = (
				DA2EDE0A9C65548CFC4FFB55 /* Check Pods Manifest.lock */,
				BE01BFD91A80A48D00510906 /* Sources */,
				BE01BFDA1A80A48D00510906 /* Frameworks */,
				BE01BFDB1A80A48D00510906 /* Resources */,
				0B982AF17F4863A62D1FFE0D /* Copy Pods Resources */,
			);
			buildRules = (
			);
			dependencies = (
			);
			name = wham.Run;
			productName = wham.Run;
			productReference = BE01BFDD1A80A48D00510906 /* wham.Run.app */;
			productType = "com.apple.product-type.application";
		};
		BE01BFF81A80A48D00510906 /* wham.RunTests */ = {
			isa = PBXNativeTarget;
			buildConfigurationList = BE01C0061A80A48D00510906 /* Build configuration list for PBXNativeTarget "wham.RunTests" */;
			buildPhases = (
				BE01BFF51A80A48D00510906 /* Sources */,
				BE01BFF61A80A48D00510906 /* Frameworks */,
				BE01BFF71A80A48D00510906 /* Resources */,
			);
			buildRules = (
			);
			dependencies = (
				BE01BFFB1A80A48D00510906 /* PBXTargetDependency */,
			);
			name = wham.RunTests;
			productName = wham.RunTests;
			productReference = BE01BFF91A80A48D00510906 /* wham.RunTests.xctest */;
			productType = "com.apple.product-type.bundle.unit-test";
		};
/* End PBXNativeTarget section */

/* Begin PBXProject section */
		BE01BFD51A80A48D00510906 /* Project object */ = {
			isa = PBXProject;
			attributes = {
				LastUpgradeCheck = 0610;
				ORGANIZATIONNAME = wham;
				TargetAttributes = {
					BE01BFDC1A80A48D00510906 = {
						CreatedOnToolsVersion = 6.1.1;
					};
					BE01BFF81A80A48D00510906 = {
						CreatedOnToolsVersion = 6.1.1;
						TestTargetID = BE01BFDC1A80A48D00510906;
					};
				};
			};
			buildConfigurationList = BE01BFD81A80A48D00510906 /* Build configuration list for PBXProject "wham.Run" */;
			compatibilityVersion = "Xcode 3.2";
			developmentRegion = English;
			hasScannedForEncodings = 0;
			knownRegions = (
				en,
				Base,
			);
			mainGroup = BE01BFD41A80A48D00510906;
			productRefGroup = BE01BFDE1A80A48D00510906 /* Products */;
			projectDirPath = "";
			projectRoot = "";
			targets = (
				BE01BFDC1A80A48D00510906 /* wham.Run */,
				BE01BFF81A80A48D00510906 /* wham.RunTests */,
			);
		};
/* End PBXProject section */

/* Begin PBXResourcesBuildPhase section */
		BE01BFDB1A80A48D00510906 /* Resources */ = {
			isa = PBXResourcesBuildPhase;
			buildActionMask = 2147483647;
			files = (
				BE0AA7CF1A85662900BFEE2D /* Lato-Italic.ttf in Resources */,
				BE0AA7C91A85662900BFEE2D /* Lato-Black.ttf in Resources */,
				BE0AA7CB1A85662900BFEE2D /* Lato-Bold.ttf in Resources */,
				BE0AA7D01A85662900BFEE2D /* Lato-Light.ttf in Resources */,
				BE01BFEF1A80A48D00510906 /* Main.storyboard in Resources */,
				BE0AA7CA1A85662900BFEE2D /* Lato-BlackItalic.ttf in Resources */,
				BE01BFF41A80A48D00510906 /* LaunchScreen.xib in Resources */,
				BE0AA7D11A85662900BFEE2D /* Lato-LightItalic.ttf in Resources */,
				BE0AA7CE1A85662900BFEE2D /* Lato-HairlineItalic.ttf in Resources */,
				BE0AA7CC1A85662900BFEE2D /* Lato-BoldItalic.ttf in Resources */,
				BE0AA7D21A85662900BFEE2D /* Lato-Regular.ttf in Resources */,
				BE0AA7CD1A85662900BFEE2D /* Lato-Hairline.ttf in Resources */,
				BE01BFF11A80A48D00510906 /* Images.xcassets in Resources */,
			);
			runOnlyForDeploymentPostprocessing = 0;
		};
		BE01BFF71A80A48D00510906 /* Resources */ = {
			isa = PBXResourcesBuildPhase;
			buildActionMask = 2147483647;
			files = (
			);
			runOnlyForDeploymentPostprocessing = 0;
		};
/* End PBXResourcesBuildPhase section */

/* Begin PBXShellScriptBuildPhase section */
		0B982AF17F4863A62D1FFE0D /* Copy Pods Resources */ = {
			isa = PBXShellScriptBuildPhase;
			buildActionMask = 2147483647;
			files = (
			);
			inputPaths = (
			);
			name = "Copy Pods Resources";
			outputPaths = (
			);
			runOnlyForDeploymentPostprocessing = 0;
			shellPath = /bin/sh;
			shellScript = "\"${SRCROOT}/../Pods/Target Support Files/Pods/Pods-resources.sh\"\n";
			showEnvVarsInLog = 0;
		};
		DA2EDE0A9C65548CFC4FFB55 /* Check Pods Manifest.lock */ = {
			isa = PBXShellScriptBuildPhase;
			buildActionMask = 2147483647;
			files = (
			);
			inputPaths = (
			);
			name = "Check Pods Manifest.lock";
			outputPaths = (
			);
			runOnlyForDeploymentPostprocessing = 0;
			shellPath = /bin/sh;
			shellScript = "diff \"${PODS_ROOT}/../Podfile.lock\" \"${PODS_ROOT}/Manifest.lock\" > /dev/null\nif [[ $? != 0 ]] ; then\n    cat << EOM\nerror: The sandbox is not in sync with the Podfile.lock. Run 'pod install' or update your CocoaPods installation.\nEOM\n    exit 1\nfi\n";
			showEnvVarsInLog = 0;
		};
/* End PBXShellScriptBuildPhase section */

/* Begin PBXSourcesBuildPhase section */
		BE01BFD91A80A48D00510906 /* Sources */ = {
			isa = PBXSourcesBuildPhase;
			buildActionMask = 2147483647;
			files = (
				BE01BFE61A80A48D00510906 /* AppDelegate.m in Sources */,
				BE01BFE31A80A48D00510906 /* main.m in Sources */,
				BE01BFEC1A80A48D00510906 /* HomeViewController.m in Sources */,
				BE01BFE91A80A48D00510906 /* wham_Run.xcdatamodeld in Sources */,
				BE01C00C1A818AED00510906 /* ActivityViewController.m in Sources */,
			);
			runOnlyForDeploymentPostprocessing = 0;
		};
		BE01BFF51A80A48D00510906 /* Sources */ = {
			isa = PBXSourcesBuildPhase;
			buildActionMask = 2147483647;
			files = (
				BE01C0001A80A48D00510906 /* wham_RunTests.m in Sources */,
			);
			runOnlyForDeploymentPostprocessing = 0;
		};
/* End PBXSourcesBuildPhase section */

/* Begin PBXTargetDependency section */
		BE01BFFB1A80A48D00510906 /* PBXTargetDependency */ = {
			isa = PBXTargetDependency;
			target = BE01BFDC1A80A48D00510906 /* wham.Run */;
			targetProxy = BE01BFFA1A80A48D00510906 /* PBXContainerItemProxy */;
		};
/* End PBXTargetDependency section */

/* Begin PBXVariantGroup section */
		BE01BFED1A80A48D00510906 /* Main.storyboard */ = {
			isa = PBXVariantGroup;
			children = (
				BE01BFEE1A80A48D00510906 /* Base */,
			);
			name = Main.storyboard;
			sourceTree = "<group>";
		};
		BE01BFF21A80A48D00510906 /* LaunchScreen.xib */ = {
			isa = PBXVariantGroup;
			children = (
				BE01BFF31A80A48D00510906 /* Base */,
			);
			name = LaunchScreen.xib;
			sourceTree = "<group>";
		};
/* End PBXVariantGroup section */

/* Begin XCBuildConfiguration section */
		BE01C0011A80A48D00510906 /* Debug */ = {
			isa = XCBuildConfiguration;
			buildSettings = {
				ALWAYS_SEARCH_USER_PATHS = NO;
				CLANG_CXX_LANGUAGE_STANDARD = "gnu++0x";
				CLANG_CXX_LIBRARY = "libc++";
				CLANG_ENABLE_MODULES = YES;
				CLANG_ENABLE_OBJC_ARC = YES;
				CLANG_WARN_BOOL_CONVERSION = YES;
				CLANG_WARN_CONSTANT_CONVERSION = YES;
				CLANG_WARN_DIRECT_OBJC_ISA_USAGE = YES_ERROR;
				CLANG_WARN_EMPTY_BODY = YES;
				CLANG_WARN_ENUM_CONVERSION = YES;
				CLANG_WARN_INT_CONVERSION = YES;
				CLANG_WARN_OBJC_ROOT_CLASS = YES_ERROR;
				CLANG_WARN_UNREACHABLE_CODE = YES;
				CLANG_WARN__DUPLICATE_METHOD_MATCH = YES;
				"CODE_SIGN_IDENTITY[sdk=iphoneos*]" = "iPhone Developer";
				COPY_PHASE_STRIP = NO;
				ENABLE_STRICT_OBJC_MSGSEND = YES;
				GCC_C_LANGUAGE_STANDARD = gnu99;
				GCC_DYNAMIC_NO_PIC = NO;
				GCC_OPTIMIZATION_LEVEL = 0;
				GCC_PREPROCESSOR_DEFINITIONS = (
					"DEBUG=1",
					"$(inherited)",
				);
				GCC_SYMBOLS_PRIVATE_EXTERN = NO;
				GCC_WARN_64_TO_32_BIT_CONVERSION = YES;
				GCC_WARN_ABOUT_RETURN_TYPE = YES_ERROR;
				GCC_WARN_UNDECLARED_SELECTOR = YES;
				GCC_WARN_UNINITIALIZED_AUTOS = YES_AGGRESSIVE;
				GCC_WARN_UNUSED_FUNCTION = YES;
				GCC_WARN_UNUSED_VARIABLE = YES;
				IPHONEOS_DEPLOYMENT_TARGET = 8.1;
				MTL_ENABLE_DEBUG_INFO = YES;
				ONLY_ACTIVE_ARCH = YES;
				SDKROOT = iphoneos;
			};
			name = Debug;
		};
		BE01C0021A80A48D00510906 /* Release */ = {
			isa = XCBuildConfiguration;
			buildSettings = {
				ALWAYS_SEARCH_USER_PATHS = NO;
				CLANG_CXX_LANGUAGE_STANDARD = "gnu++0x";
				CLANG_CXX_LIBRARY = "libc++";
				CLANG_ENABLE_MODULES = YES;
				CLANG_ENABLE_OBJC_ARC = YES;
				CLANG_WARN_BOOL_CONVERSION = YES;
				CLANG_WARN_CONSTANT_CONVERSION = YES;
				CLANG_WARN_DIRECT_OBJC_ISA_USAGE = YES_ERROR;
				CLANG_WARN_EMPTY_BODY = YES;
				CLANG_WARN_ENUM_CONVERSION = YES;
				CLANG_WARN_INT_CONVERSION = YES;
				CLANG_WARN_OBJC_ROOT_CLASS = YES_ERROR;
				CLANG_WARN_UNREACHABLE_CODE = YES;
				CLANG_WARN__DUPLICATE_METHOD_MATCH = YES;
				"CODE_SIGN_IDENTITY[sdk=iphoneos*]" = "iPhone Developer";
				COPY_PHASE_STRIP = YES;
				ENABLE_NS_ASSERTIONS = NO;
				ENABLE_STRICT_OBJC_MSGSEND = YES;
				GCC_C_LANGUAGE_STANDARD = gnu99;
				GCC_WARN_64_TO_32_BIT_CONVERSION = YES;
				GCC_WARN_ABOUT_RETURN_TYPE = YES_ERROR;
				GCC_WARN_UNDECLARED_SELECTOR = YES;
				GCC_WARN_UNINITIALIZED_AUTOS = YES_AGGRESSIVE;
				GCC_WARN_UNUSED_FUNCTION = YES;
				GCC_WARN_UNUSED_VARIABLE = YES;
				IPHONEOS_DEPLOYMENT_TARGET = 8.1;
				MTL_ENABLE_DEBUG_INFO = NO;
				SDKROOT = iphoneos;
				VALIDATE_PRODUCT = YES;
			};
			name = Release;
		};
		BE01C0041A80A48D00510906 /* Debug */ = {
			isa = XCBuildConfiguration;
			baseConfigurationReference = A757BB8668B364832A9C44B2 /* Pods.debug.xcconfig */;
			buildSettings = {
				ASSETCATALOG_COMPILER_APPICON_NAME = AppIcon;
				INFOPLIST_FILE = wham.Run/Info.plist;
				LD_RUNPATH_SEARCH_PATHS = "$(inherited) @executable_path/Frameworks";
				PRODUCT_NAME = "$(TARGET_NAME)";
			};
			name = Debug;
		};
		BE01C0051A80A48D00510906 /* Release */ = {
			isa = XCBuildConfiguration;
			baseConfigurationReference = D433749D3B6BC0A7E14F5747 /* Pods.release.xcconfig */;
			buildSettings = {
				ASSETCATALOG_COMPILER_APPICON_NAME = AppIcon;
				INFOPLIST_FILE = wham.Run/Info.plist;
				LD_RUNPATH_SEARCH_PATHS = "$(inherited) @executable_path/Frameworks";
				PRODUCT_NAME = "$(TARGET_NAME)";
			};
			name = Release;
		};
		BE01C0071A80A48D00510906 /* Debug */ = {
			isa = XCBuildConfiguration;
			buildSettings = {
				BUNDLE_LOADER = "$(TEST_HOST)";
				FRAMEWORK_SEARCH_PATHS = (
					"$(SDKROOT)/Developer/Library/Frameworks",
					"$(inherited)",
				);
				GCC_PREPROCESSOR_DEFINITIONS = (
					"DEBUG=1",
					"$(inherited)",
				);
				INFOPLIST_FILE = wham.RunTests/Info.plist;
				LD_RUNPATH_SEARCH_PATHS = "$(inherited) @executable_path/Frameworks @loader_path/Frameworks";
				PRODUCT_NAME = "$(TARGET_NAME)";
				TEST_HOST = "$(BUILT_PRODUCTS_DIR)/wham.Run.app/wham.Run";
			};
			name = Debug;
		};
		BE01C0081A80A48D00510906 /* Release */ = {
			isa = XCBuildConfiguration;
			buildSettings = {
				BUNDLE_LOADER = "$(TEST_HOST)";
				FRAMEWORK_SEARCH_PATHS = (
					"$(SDKROOT)/Developer/Library/Frameworks",
					"$(inherited)",
				);
				INFOPLIST_FILE = wham.RunTests/Info.plist;
				LD_RUNPATH_SEARCH_PATHS = "$(inherited) @executable_path/Frameworks @loader_path/Frameworks";
				PRODUCT_NAME = "$(TARGET_NAME)";
				TEST_HOST = "$(BUILT_PRODUCTS_DIR)/wham.Run.app/wham.Run";
			};
			name = Release;
		};
/* End XCBuildConfiguration section */

/* Begin XCConfigurationList section */
		BE01BFD81A80A48D00510906 /* Build configuration list for PBXProject "wham.Run" */ = {
			isa = XCConfigurationList;
			buildConfigurations = (
				BE01C0011A80A48D00510906 /* Debug */,
				BE01C0021A80A48D00510906 /* Release */,
			);
			defaultConfigurationIsVisible = 0;
			defaultConfigurationName = Release;
		};
		BE01C0031A80A48D00510906 /* Build configuration list for PBXNativeTarget "wham.Run" */ = {
			isa = XCConfigurationList;
			buildConfigurations = (
				BE01C0041A80A48D00510906 /* Debug */,
				BE01C0051A80A48D00510906 /* Release */,
			);
			defaultConfigurationIsVisible = 0;
			defaultConfigurationName = Release;
		};
		BE01C0061A80A48D00510906 /* Build configuration list for PBXNativeTarget "wham.RunTests" */ = {
			isa = XCConfigurationList;
			buildConfigurations = (
				BE01C0071A80A48D00510906 /* Debug */,
				BE01C0081A80A48D00510906 /* Release */,
			);
			defaultConfigurationIsVisible = 0;
			defaultConfigurationName = Release;
		};
/* End XCConfigurationList section */

/* Begin XCVersionGroup section */
		BE01BFE71A80A48D00510906 /* wham_Run.xcdatamodeld */ = {
			isa = XCVersionGroup;
			children = (
				BE01BFE81A80A48D00510906 /* wham_Run.xcdatamodel */,
			);
			currentVersion = BE01BFE81A80A48D00510906 /* wham_Run.xcdatamodel */;
			path = wham_Run.xcdatamodeld;
			sourceTree = "<group>";
			versionGroupType = wrapper.xcdatamodel;
		};
/* End XCVersionGroup section */
	};
	rootObject = BE01BFD51A80A48D00510906 /* Project object */;
}
