// !$*UTF8*$!
{
	archiveVersion = 1;
	classes = {
	};
	objectVersion = 46;
	objects = {

/* Begin PBXBuildFile section */
		162F688F1A854EA400EAB130 /* main.m in Sources */ = {isa = PBXBuildFile; fileRef = 162F688E1A854EA400EAB130 /* main.m */; };
		162F68921A854EA400EAB130 /* AppDelegate.m in Sources */ = {isa = PBXBuildFile; fileRef = 162F68911A854EA400EAB130 /* AppDelegate.m */; };
		162F68951A854EA400EAB130 /* ViewController.m in Sources */ = {isa = PBXBuildFile; fileRef = 162F68941A854EA400EAB130 /* ViewController.m */; };
		162F68981A854EA400EAB130 /* Main.storyboard in Resources */ = {isa = PBXBuildFile; fileRef = 162F68961A854EA400EAB130 /* Main.storyboard */; };
		162F689A1A854EA400EAB130 /* Images.xcassets in Resources */ = {isa = PBXBuildFile; fileRef = 162F68991A854EA400EAB130 /* Images.xcassets */; };
		162F689D1A854EA400EAB130 /* LaunchScreen.xib in Resources */ = {isa = PBXBuildFile; fileRef = 162F689B1A854EA400EAB130 /* LaunchScreen.xib */; };
		162F68A91A854EA400EAB130 /* FirstIterationTests.m in Sources */ = {isa = PBXBuildFile; fileRef = 162F68A81A854EA400EAB130 /* FirstIterationTests.m */; };
/* End PBXBuildFile section */

/* Begin PBXContainerItemProxy section */
		162F68A31A854EA400EAB130 /* PBXContainerItemProxy */ = {
			isa = PBXContainerItemProxy;
			containerPortal = 162F68811A854EA400EAB130 /* Project object */;
			proxyType = 1;
			remoteGlobalIDString = 162F68881A854EA400EAB130;
			remoteInfo = FirstIteration;
		};
/* End PBXContainerItemProxy section */

/* Begin PBXFileReference section */
		162F68891A854EA400EAB130 /* FirstIteration.app */ = {isa = PBXFileReference; explicitFileType = wrapper.application; includeInIndex = 0; path = FirstIteration.app; sourceTree = BUILT_PRODUCTS_DIR; };
		162F688D1A854EA400EAB130 /* Info.plist */ = {isa = PBXFileReference; lastKnownFileType = text.plist.xml; path = Info.plist; sourceTree = "<group>"; };
		162F688E1A854EA400EAB130 /* main.m */ = {isa = PBXFileReference; lastKnownFileType = sourcecode.c.objc; path = main.m; sourceTree = "<group>"; };
		162F68901A854EA400EAB130 /* AppDelegate.h */ = {isa = PBXFileReference; lastKnownFileType = sourcecode.c.h; path = AppDelegate.h; sourceTree = "<group>"; };
		162F68911A854EA400EAB130 /* AppDelegate.m */ = {isa = PBXFileReference; lastKnownFileType = sourcecode.c.objc; path = AppDelegate.m; sourceTree = "<group>"; };
		162F68931A854EA400EAB130 /* ViewController.h */ = {isa = PBXFileReference; lastKnownFileType = sourcecode.c.h; path = ViewController.h; sourceTree = "<group>"; };
		162F68941A854EA400EAB130 /* ViewController.m */ = {isa = PBXFileReference; lastKnownFileType = sourcecode.c.objc; path = ViewController.m; sourceTree = "<group>"; };
		162F68971A854EA400EAB130 /* Base */ = {isa = PBXFileReference; lastKnownFileType = file.storyboard; name = Base; path = Base.lproj/Main.storyboard; sourceTree = "<group>"; };
		162F68991A854EA400EAB130 /* Images.xcassets */ = {isa = PBXFileReference; lastKnownFileType = folder.assetcatalog; path = Images.xcassets; sourceTree = "<group>"; };
		162F689C1A854EA400EAB130 /* Base */ = {isa = PBXFileReference; lastKnownFileType = file.xib; name = Base; path = Base.lproj/LaunchScreen.xib; sourceTree = "<group>"; };
		162F68A21A854EA400EAB130 /* FirstIterationTests.xctest */ = {isa = PBXFileReference; explicitFileType = wrapper.cfbundle; includeInIndex = 0; path = FirstIterationTests.xctest; sourceTree = BUILT_PRODUCTS_DIR; };
		162F68A71A854EA400EAB130 /* Info.plist */ = {isa = PBXFileReference; lastKnownFileType = text.plist.xml; path = Info.plist; sourceTree = "<group>"; };
		162F68A81A854EA400EAB130 /* FirstIterationTests.m */ = {isa = PBXFileReference; lastKnownFileType = sourcecode.c.objc; path = FirstIterationTests.m; sourceTree = "<group>"; };
/* End PBXFileReference section */

/* Begin PBXFrameworksBuildPhase section */
		162F68861A854EA400EAB130 /* Frameworks */ = {
			isa = PBXFrameworksBuildPhase;
			buildActionMask = 2147483647;
			files = (
			);
			runOnlyForDeploymentPostprocessing = 0;
		};
		162F689F1A854EA400EAB130 /* Frameworks */ = {
			isa = PBXFrameworksBuildPhase;
			buildActionMask = 2147483647;
			files = (
			);
			runOnlyForDeploymentPostprocessing = 0;
		};
/* End PBXFrameworksBuildPhase section */

/* Begin PBXGroup section */
		162F68801A854EA400EAB130 = {
			isa = PBXGroup;
			children = (
				162F688B1A854EA400EAB130 /* FirstIteration */,
				162F68A51A854EA400EAB130 /* FirstIterationTests */,
				162F688A1A854EA400EAB130 /* Products */,
			);
			sourceTree = "<group>";
		};
		162F688A1A854EA400EAB130 /* Products */ = {
			isa = PBXGroup;
			children = (
				162F68891A854EA400EAB130 /* FirstIteration.app */,
				162F68A21A854EA400EAB130 /* FirstIterationTests.xctest */,
			);
			name = Products;
			sourceTree = "<group>";
		};
		162F688B1A854EA400EAB130 /* FirstIteration */ = {
			isa = PBXGroup;
			children = (
				162F68901A854EA400EAB130 /* AppDelegate.h */,
				162F68911A854EA400EAB130 /* AppDelegate.m */,
				162F68931A854EA400EAB130 /* ViewController.h */,
				162F68941A854EA400EAB130 /* ViewController.m */,
				162F68961A854EA400EAB130 /* Main.storyboard */,
				162F68991A854EA400EAB130 /* Images.xcassets */,
				162F689B1A854EA400EAB130 /* LaunchScreen.xib */,
				162F688C1A854EA400EAB130 /* Supporting Files */,
			);
			path = FirstIteration;
			sourceTree = "<group>";
		};
		162F688C1A854EA400EAB130 /* Supporting Files */ = {
			isa = PBXGroup;
			children = (
				162F688D1A854EA400EAB130 /* Info.plist */,
				162F688E1A854EA400EAB130 /* main.m */,
			);
			name = "Supporting Files";
			sourceTree = "<group>";
		};
		162F68A51A854EA400EAB130 /* FirstIterationTests */ = {
			isa = PBXGroup;
			children = (
				162F68A81A854EA400EAB130 /* FirstIterationTests.m */,
				162F68A61A854EA400EAB130 /* Supporting Files */,
			);
			path = FirstIterationTests;
			sourceTree = "<group>";
		};
		162F68A61A854EA400EAB130 /* Supporting Files */ = {
			isa = PBXGroup;
			children = (
				162F68A71A854EA400EAB130 /* Info.plist */,
			);
			name = "Supporting Files";
			sourceTree = "<group>";
		};
/* End PBXGroup section */

/* Begin PBXNativeTarget section */
		162F68881A854EA400EAB130 /* FirstIteration */ = {
			isa = PBXNativeTarget;
			buildConfigurationList = 162F68AC1A854EA400EAB130 /* Build configuration list for PBXNativeTarget "FirstIteration" */;
			buildPhases = (
				162F68851A854EA400EAB130 /* Sources */,
				162F68861A854EA400EAB130 /* Frameworks */,
				162F68871A854EA400EAB130 /* Resources */,
			);
			buildRules = (
			);
			dependencies = (
			);
			name = FirstIteration;
			productName = FirstIteration;
			productReference = 162F68891A854EA400EAB130 /* FirstIteration.app */;
			productType = "com.apple.product-type.application";
		};
		162F68A11A854EA400EAB130 /* FirstIterationTests */ = {
			isa = PBXNativeTarget;
			buildConfigurationList = 162F68AF1A854EA400EAB130 /* Build configuration list for PBXNativeTarget "FirstIterationTests" */;
			buildPhases = (
				162F689E1A854EA400EAB130 /* Sources */,
				162F689F1A854EA400EAB130 /* Frameworks */,
				162F68A01A854EA400EAB130 /* Resources */,
			);
			buildRules = (
			);
			dependencies = (
				162F68A41A854EA400EAB130 /* PBXTargetDependency */,
			);
			name = FirstIterationTests;
			productName = FirstIterationTests;
			productReference = 162F68A21A854EA400EAB130 /* FirstIterationTests.xctest */;
			productType = "com.apple.product-type.bundle.unit-test";
		};
/* End PBXNativeTarget section */

/* Begin PBXProject section */
		162F68811A854EA400EAB130 /* Project object */ = {
			isa = PBXProject;
			attributes = {
				LastUpgradeCheck = 0610;
				ORGANIZATIONNAME = "CS Team";
				TargetAttributes = {
					162F68881A854EA400EAB130 = {
						CreatedOnToolsVersion = 6.1;
					};
					162F68A11A854EA400EAB130 = {
						CreatedOnToolsVersion = 6.1;
						TestTargetID = 162F68881A854EA400EAB130;
					};
				};
			};
			buildConfigurationList = 162F68841A854EA400EAB130 /* Build configuration list for PBXProject "FirstIteration" */;
			compatibilityVersion = "Xcode 3.2";
			developmentRegion = English;
			hasScannedForEncodings = 0;
			knownRegions = (
				en,
				Base,
			);
			mainGroup = 162F68801A854EA400EAB130;
			productRefGroup = 162F688A1A854EA400EAB130 /* Products */;
			projectDirPath = "";
			projectRoot = "";
			targets = (
				162F68881A854EA400EAB130 /* FirstIteration */,
				162F68A11A854EA400EAB130 /* FirstIterationTests */,
			);
		};
/* End PBXProject section */

/* Begin PBXResourcesBuildPhase section */
		162F68871A854EA400EAB130 /* Resources */ = {
			isa = PBXResourcesBuildPhase;
			buildActionMask = 2147483647;
			files = (
				162F68981A854EA400EAB130 /* Main.storyboard in Resources */,
				162F689D1A854EA400EAB130 /* LaunchScreen.xib in Resources */,
				162F689A1A854EA400EAB130 /* Images.xcassets in Resources */,
			);
			runOnlyForDeploymentPostprocessing = 0;
		};
		162F68A01A854EA400EAB130 /* Resources */ = {
			isa = PBXResourcesBuildPhase;
			buildActionMask = 2147483647;
			files = (
			);
			runOnlyForDeploymentPostprocessing = 0;
		};
/* End PBXResourcesBuildPhase section */

/* Begin PBXSourcesBuildPhase section */
		162F68851A854EA400EAB130 /* Sources */ = {
			isa = PBXSourcesBuildPhase;
			buildActionMask = 2147483647;
			files = (
				162F68951A854EA400EAB130 /* ViewController.m in Sources */,
				162F68921A854EA400EAB130 /* AppDelegate.m in Sources */,
				162F688F1A854EA400EAB130 /* main.m in Sources */,
			);
			runOnlyForDeploymentPostprocessing = 0;
		};
		162F689E1A854EA400EAB130 /* Sources */ = {
			isa = PBXSourcesBuildPhase;
			buildActionMask = 2147483647;
			files = (
				162F68A91A854EA400EAB130 /* FirstIterationTests.m in Sources */,
			);
			runOnlyForDeploymentPostprocessing = 0;
		};
/* End PBXSourcesBuildPhase section */

/* Begin PBXTargetDependency section */
		162F68A41A854EA400EAB130 /* PBXTargetDependency */ = {
			isa = PBXTargetDependency;
			target = 162F68881A854EA400EAB130 /* FirstIteration */;
			targetProxy = 162F68A31A854EA400EAB130 /* PBXContainerItemProxy */;
		};
/* End PBXTargetDependency section */

/* Begin PBXVariantGroup section */
		162F68961A854EA400EAB130 /* Main.storyboard */ = {
			isa = PBXVariantGroup;
			children = (
				162F68971A854EA400EAB130 /* Base */,
			);
			name = Main.storyboard;
			sourceTree = "<group>";
		};
		162F689B1A854EA400EAB130 /* LaunchScreen.xib */ = {
			isa = PBXVariantGroup;
			children = (
				162F689C1A854EA400EAB130 /* Base */,
			);
			name = LaunchScreen.xib;
			sourceTree = "<group>";
		};
/* End PBXVariantGroup section */

/* Begin XCBuildConfiguration section */
		162F68AA1A854EA400EAB130 /* Debug */ = {
			isa = XCBuildConfiguration;
			buildSettings = {
				ALWAYS_SEARCH_USER_PATHS = NO;
				CLANG_CXX_LANGUAGE_STANDARD = "gnu++0x";
				CLANG_CXX_LIBRARY = "libc++";
				CLANG_ENABLE_MODULES = YES;
				CLANG_ENABLE_OBJC_ARC = YES;
				CLANG_WARN_BOOL_CONVERSION = YES;
				CLANG_WARN_CONSTANT_CONVERSION = YES;
				CLANG_WARN_DIRECT_OBJC_ISA_USAGE = YES_ERROR;
				CLANG_WARN_EMPTY_BODY = YES;
				CLANG_WARN_ENUM_CONVERSION = YES;
				CLANG_WARN_INT_CONVERSION = YES;
				CLANG_WARN_OBJC_ROOT_CLASS = YES_ERROR;
				CLANG_WARN_UNREACHABLE_CODE = YES;
				CLANG_WARN__DUPLICATE_METHOD_MATCH = YES;
				"CODE_SIGN_IDENTITY[sdk=iphoneos*]" = "iPhone Developer";
				COPY_PHASE_STRIP = NO;
				ENABLE_STRICT_OBJC_MSGSEND = YES;
				GCC_C_LANGUAGE_STANDARD = gnu99;
				GCC_DYNAMIC_NO_PIC = NO;
				GCC_OPTIMIZATION_LEVEL = 0;
				GCC_PREPROCESSOR_DEFINITIONS = (
					"DEBUG=1",
					"$(inherited)",
				);
				GCC_SYMBOLS_PRIVATE_EXTERN = NO;
				GCC_WARN_64_TO_32_BIT_CONVERSION = YES;
				GCC_WARN_ABOUT_RETURN_TYPE = YES_ERROR;
				GCC_WARN_UNDECLARED_SELECTOR = YES;
				GCC_WARN_UNINITIALIZED_AUTOS = YES_AGGRESSIVE;
				GCC_WARN_UNUSED_FUNCTION = YES;
				GCC_WARN_UNUSED_VARIABLE = YES;
				IPHONEOS_DEPLOYMENT_TARGET = 8.1;
				MTL_ENABLE_DEBUG_INFO = YES;
				ONLY_ACTIVE_ARCH = YES;
				SDKROOT = iphoneos;
			};
			name = Debug;
		};
		162F68AB1A854EA400EAB130 /* Release */ = {
			isa = XCBuildConfiguration;
			buildSettings = {
				ALWAYS_SEARCH_USER_PATHS = NO;
				CLANG_CXX_LANGUAGE_STANDARD = "gnu++0x";
				CLANG_CXX_LIBRARY = "libc++";
				CLANG_ENABLE_MODULES = YES;
				CLANG_ENABLE_OBJC_ARC = YES;
				CLANG_WARN_BOOL_CONVERSION = YES;
				CLANG_WARN_CONSTANT_CONVERSION = YES;
				CLANG_WARN_DIRECT_OBJC_ISA_USAGE = YES_ERROR;
				CLANG_WARN_EMPTY_BODY = YES;
				CLANG_WARN_ENUM_CONVERSION = YES;
				CLANG_WARN_INT_CONVERSION = YES;
				CLANG_WARN_OBJC_ROOT_CLASS = YES_ERROR;
				CLANG_WARN_UNREACHABLE_CODE = YES;
				CLANG_WARN__DUPLICATE_METHOD_MATCH = YES;
				"CODE_SIGN_IDENTITY[sdk=iphoneos*]" = "iPhone Developer";
				COPY_PHASE_STRIP = YES;
				ENABLE_NS_ASSERTIONS = NO;
				ENABLE_STRICT_OBJC_MSGSEND = YES;
				GCC_C_LANGUAGE_STANDARD = gnu99;
				GCC_WARN_64_TO_32_BIT_CONVERSION = YES;
				GCC_WARN_ABOUT_RETURN_TYPE = YES_ERROR;
				GCC_WARN_UNDECLARED_SELECTOR = YES;
				GCC_WARN_UNINITIALIZED_AUTOS = YES_AGGRESSIVE;
				GCC_WARN_UNUSED_FUNCTION = YES;
				GCC_WARN_UNUSED_VARIABLE = YES;
				IPHONEOS_DEPLOYMENT_TARGET = 8.1;
				MTL_ENABLE_DEBUG_INFO = NO;
				SDKROOT = iphoneos;
				VALIDATE_PRODUCT = YES;
			};
			name = Release;
		};
		162F68AD1A854EA400EAB130 /* Debug */ = {
			isa = XCBuildConfiguration;
			buildSettings = {
				ASSETCATALOG_COMPILER_APPICON_NAME = AppIcon;
				INFOPLIST_FILE = FirstIteration/Info.plist;
				LD_RUNPATH_SEARCH_PATHS = "$(inherited) @executable_path/Frameworks";
				PRODUCT_NAME = "$(TARGET_NAME)";
			};
			name = Debug;
		};
		162F68AE1A854EA400EAB130 /* Release */ = {
			isa = XCBuildConfiguration;
			buildSettings = {
				ASSETCATALOG_COMPILER_APPICON_NAME = AppIcon;
				INFOPLIST_FILE = FirstIteration/Info.plist;
				LD_RUNPATH_SEARCH_PATHS = "$(inherited) @executable_path/Frameworks";
				PRODUCT_NAME = "$(TARGET_NAME)";
			};
			name = Release;
		};
		162F68B01A854EA400EAB130 /* Debug */ = {
			isa = XCBuildConfiguration;
			buildSettings = {
				BUNDLE_LOADER = "$(TEST_HOST)";
				FRAMEWORK_SEARCH_PATHS = (
					"$(SDKROOT)/Developer/Library/Frameworks",
					"$(inherited)",
				);
				GCC_PREPROCESSOR_DEFINITIONS = (
					"DEBUG=1",
					"$(inherited)",
				);
				INFOPLIST_FILE = FirstIterationTests/Info.plist;
				LD_RUNPATH_SEARCH_PATHS = "$(inherited) @executable_path/Frameworks @loader_path/Frameworks";
				PRODUCT_NAME = "$(TARGET_NAME)";
				TEST_HOST = "$(BUILT_PRODUCTS_DIR)/FirstIteration.app/FirstIteration";
			};
			name = Debug;
		};
		162F68B11A854EA400EAB130 /* Release */ = {
			isa = XCBuildConfiguration;
			buildSettings = {
				BUNDLE_LOADER = "$(TEST_HOST)";
				FRAMEWORK_SEARCH_PATHS = (
					"$(SDKROOT)/Developer/Library/Frameworks",
					"$(inherited)",
				);
				INFOPLIST_FILE = FirstIterationTests/Info.plist;
				LD_RUNPATH_SEARCH_PATHS = "$(inherited) @executable_path/Frameworks @loader_path/Frameworks";
				PRODUCT_NAME = "$(TARGET_NAME)";
				TEST_HOST = "$(BUILT_PRODUCTS_DIR)/FirstIteration.app/FirstIteration";
			};
			name = Release;
		};
/* End XCBuildConfiguration section */

/* Begin XCConfigurationList section */
		162F68841A854EA400EAB130 /* Build configuration list for PBXProject "FirstIteration" */ = {
			isa = XCConfigurationList;
			buildConfigurations = (
				162F68AA1A854EA400EAB130 /* Debug */,
				162F68AB1A854EA400EAB130 /* Release */,
			);
			defaultConfigurationIsVisible = 0;
			defaultConfigurationName = Release;
		};
		162F68AC1A854EA400EAB130 /* Build configuration list for PBXNativeTarget "FirstIteration" */ = {
			isa = XCConfigurationList;
			buildConfigurations = (
				162F68AD1A854EA400EAB130 /* Debug */,
				162F68AE1A854EA400EAB130 /* Release */,
			);
			defaultConfigurationIsVisible = 0;
		};
		162F68AF1A854EA400EAB130 /* Build configuration list for PBXNativeTarget "FirstIterationTests" */ = {
			isa = XCConfigurationList;
			buildConfigurations = (
				162F68B01A854EA400EAB130 /* Debug */,
				162F68B11A854EA400EAB130 /* Release */,
			);
			defaultConfigurationIsVisible = 0;
		};
/* End XCConfigurationList section */
	};
	rootObject = 162F68811A854EA400EAB130 /* Project object */;
}
